{
  "name": "index.html",
  "lockfileVersion": 3,
  "requires": true,
  "packages": {
    "": {
      "dependencies": {
        "keyframe": "^2.1.0"
      }
    },
    "node_modules/keyframe": {
      "version": "2.1.0",
      "resolved": "https://registry.npmjs.org/keyframe/-/keyframe-2.1.0.tgz",
      "integrity": "sha512-Bt3aRGSyJrgXW/PPH8zeanBpVhHBbjMyTN5ZBW78MVBha9PzpwUK3KaoXB6g4dQ90yx0rdiG0msFuaVRzRYMTA=="
    }
  }
}
